
Microsoft Visual Studio Solution File, Format Version 12.00
# Visual Studio 2012
Project("{FAE04EC0-301F-11D3-BF4B-00C04F79EFBC}") = "Philosophers", "Philosophers\Philosophers.csproj", "{BD5CB4CE-A255-482E-9624-D3DEC3FAFB8E}"
EndProject
Global
	GlobalSection(SolutionConfigurationPlatforms) = preSolution
		Debug|Any CPU = Debug|Any CPU
		Release|Any CPU = Release|Any CPU
	EndGlobalSection
	GlobalSection(ProjectConfigurationPlatforms) = postSolution
		{BD5CB4CE-A255-482E-9624-D3DEC3FAFB8E}.Debug|Any CPU.ActiveCfg = Debug|Any CPU
		{BD5CB4CE-A255-482E-9624-D3DEC3FAFB8E}.Debug|Any CPU.Build.0 = Debug|Any CPU
		{BD5CB4CE-A255-482E-9624-D3DEC3FAFB8E}.Release|Any CPU.ActiveCfg = Release|Any CPU
		{BD5CB4CE-A255-482E-9624-D3DEC3FAFB8E}.Release|Any CPU.Build.0 = Release|Any CPU
	EndGlobalSection
	GlobalSection(SolutionProperties) = preSolution
		HideSolutionNode = FALSE
	EndGlobalSection
EndGlobal
